{
  "name": "spectacle-boilerplate",
  "version": "1.0.1",
  "lockfileVersion": 1,
  "requires": true,
  "dependencies": {
    "react-load-image": {
      "version": "0.1.6",
      "resolved": "https://registry.npmjs.org/react-load-image/-/react-load-image-0.1.6.tgz",
      "integrity": "sha512-lCZkg7cljM/QSJODyzya1+CQ1h4UrrKGCI0Sd4H0bP22ntHTuPeDZbq2EipPbN+RA8gWW7urpTMakivIv6cXkg=="
    }
  }
}
